github.com/SwornStar/funtemps v0.0.0-20230220103147-e584a522c22e h1:uKcJd9KFqgKSHwvD6ubw9j9ynCqJ0c0HOzf8Lr1VJWE=
github.com/SwornStar/funtemps v0.0.0-20230220103147-e584a522c22e/go.mod h1:5wAoa003kiRYxNaKCeLVpmeiIbOQo0WH7gknBt1uIwc=
github.com/SwornStar/minyr v0.0.0-20230505054811-cb5eda047c9b h1:AwYFJWUFlDZzQRUXYZJBl7Hfn1SWvsPjgu7hVo5Zwak=
github.com/SwornStar/minyr v0.0.0-20230505054811-cb5eda047c9b/go.mod h1:LXJUWjLQ6WJRBkx9R8AuPhaNEyTKDR7Mbho6oUQlNIo=
